<?xml version="1.0" encoding="utf-8"?>
<Project ToolsVersion="4.0" xmlns="http://schemas.microsoft.com/developer/msbuild/2003">
  <ItemGroup>
    <FxCompile Include="shaders\PixelShader.hlsl">
      <Filter>Shaders</Filter>
    </FxCompile>
    <FxCompile Include="shaders\VertexShader.hlsl">
      <Filter>Shaders</Filter>
    </FxCompile>
  </ItemGroup>
  <ItemGroup>
    <ClCompile Include="Graphics.cpp">
      <Filter>Source Files</Filter>
    </ClCompile>
    <ClCompile Include="main.cpp">
      <Filter>Source Files</Filter>
    </ClCompile>
    <ClCompile Include="Renderer.cpp">
      <Filter>Source Files</Filter>
    </ClCompile>
    <ClCompile Include="Window.cpp">
      <Filter>Source Files</Filter>
    </ClCompile>
    <ClCompile Include="dxerr.cpp">
      <Filter>Debug Files</Filter>
    </ClCompile>
    <ClCompile Include="DxgiInfoManager.cpp">
      <Filter>Debug Files</Filter>
    </ClCompile>
    <ClCompile Include="ChiliException.cpp">
      <Filter>Debug Files</Filter>
    </ClCompile>
    <ClCompile Include="WICTextureLoader.cpp">
      <Filter>Texture Files</Filter>
    </ClCompile>
    <ClCompile Include="Log.cpp">
      <Filter>Benchmark Files</Filter>
    </ClCompile>
    <ClCompile Include="Logger.cpp">
      <Filter>Benchmark Files</Filter>
    </ClCompile>
    <ClCompile Include="Benchmark.cpp">
      <Filter>Benchmark Files</Filter>
    </ClCompile>
    <ClCompile Include="DDSTextureLoader.cpp">
      <Filter>Texture Files</Filter>
    </ClCompile>
  </ItemGroup>
  <ItemGroup>
    <ClInclude Include="Window.h">
      <Filter>Header Files</Filter>
    </ClInclude>
    <ClInclude Include="Renderer.h">
      <Filter>Header Files</Filter>
    </ClInclude>
    <ClInclude Include="ChiliException.h">
      <Filter>Debug Files</Filter>
    </ClInclude>
    <ClInclude Include="ChiliWin.h">
      <Filter>Debug Files</Filter>
    </ClInclude>
    <ClInclude Include="dxerr.h">
      <Filter>Debug Files</Filter>
    </ClInclude>
    <ClInclude Include="DxgiInfoManager.h">
      <Filter>Debug Files</Filter>
    </ClInclude>
    <ClInclude Include="DDSTextureLoader.h">
      <Filter>Texture Files</Filter>
    </ClInclude>
    <ClInclude Include="DDS.h">
      <Filter>Texture Files</Filter>
    </ClInclude>
    <ClInclude Include="PlatformHelpers.h">
      <Filter>Texture Files</Filter>
    </ClInclude>
    <ClInclude Include="Graphics.h">
      <Filter>Header Files</Filter>
    </ClInclude>
    <ClInclude Include="pch.h">
      <Filter>Texture Files</Filter>
    </ClInclude>
    <ClInclude Include="Tiny_obj_loader.h">
      <Filter>Texture Files</Filter>
    </ClInclude>
    <ClInclude Include="WICTextureLoader.h">
      <Filter>Texture Files</Filter>
    </ClInclude>
    <ClInclude Include="Benchmark.h">
      <Filter>Benchmark Files</Filter>
    </ClInclude>
    <ClInclude Include="Log.h">
      <Filter>Benchmark Files</Filter>
    </ClInclude>
    <ClInclude Include="Logger.h">
      <Filter>Benchmark Files</Filter>
    </ClInclude>
    <ClInclude Include="LoaderHelpers.h">
      <Filter>Texture Files</Filter>
    </ClInclude>
    <ClInclude Include="DirectXHelpers.h">
      <Filter>Texture Files</Filter>
    </ClInclude>
  </ItemGroup>
  <ItemGroup>
    <ResourceCompile Include="DirectX.rc" />
  </ItemGroup>
  <ItemGroup>
    <None Include="DXTrace.inl" />
    <None Include="DXGetErrorDescription.inl">
      <Filter>Debug Files</Filter>
    </None>
    <None Include="DXGetErrorString.inl">
      <Filter>Debug Files</Filter>
    </None>
  </ItemGroup>
  <ItemGroup>
    <Filter Include="Header Files">
      <UniqueIdentifier>{86db17b1-a9e9-4cd4-b9e2-a08542beccc2}</UniqueIdentifier>
    </Filter>
    <Filter Include="Shaders">
      <UniqueIdentifier>{4f134504-f80b-4af8-82a2-c29ed60f2767}</UniqueIdentifier>
    </Filter>
    <Filter Include="Source Files">
      <UniqueIdentifier>{4ccb4eb2-b98c-4d49-9b90-0c2d49ad72c1}</UniqueIdentifier>
    </Filter>
    <Filter Include="Debug Files">
      <UniqueIdentifier>{c8c5a77c-bf64-4134-9c89-5f0bc5cf6fff}</UniqueIdentifier>
    </Filter>
    <Filter Include="Texture Files">
      <UniqueIdentifier>{e5621b52-a35f-4a96-bab9-b08859656406}</UniqueIdentifier>
    </Filter>
    <Filter Include="Benchmark Files">
      <UniqueIdentifier>{558207ee-7571-4563-8a86-a772867b38d8}</UniqueIdentifier>
    </Filter>
  </ItemGroup>
</Project>